
Microsoft Visual Studio Solution File, Format Version 12.00
# Visual Studio Version 17
VisualStudioVersion = 17.4.33122.133
MinimumVisualStudioVersion = 10.0.40219.1
Project("{FAE04EC0-301F-11D3-BF4B-00C04F79EFBC}") = "Struct-Enum", "Struct-Enum\Struct-Enum.csproj", "{30962E9A-2393-49AE-B340-7A5BD037F0A0}"
EndProject
Global
	GlobalSection(SolutionConfigurationPlatforms) = preSolution
		Debug|Any CPU = Debug|Any CPU
		Release|Any CPU = Release|Any CPU
	EndGlobalSection
	GlobalSection(ProjectConfigurationPlatforms) = postSolution
		{30962E9A-2393-49AE-B340-7A5BD037F0A0}.Debug|Any CPU.ActiveCfg = Debug|Any CPU
		{30962E9A-2393-49AE-B340-7A5BD037F0A0}.Debug|Any CPU.Build.0 = Debug|Any CPU
		{30962E9A-2393-49AE-B340-7A5BD037F0A0}.Release|Any CPU.ActiveCfg = Release|Any CPU
		{30962E9A-2393-49AE-B340-7A5BD037F0A0}.Release|Any CPU.Build.0 = Release|Any CPU
	EndGlobalSection
	GlobalSection(SolutionProperties) = preSolution
		HideSolutionNode = FALSE
	EndGlobalSection
	GlobalSection(ExtensibilityGlobals) = postSolution
		SolutionGuid = {380A980F-D789-46D3-B14B-9AB7EE3A3054}
	EndGlobalSection
EndGlobal
