
Microsoft Visual Studio Solution File, Format Version 12.00
# Visual Studio Version 17
VisualStudioVersion = 17.4.33122.133
MinimumVisualStudioVersion = 10.0.40219.1
Project("{FAE04EC0-301F-11D3-BF4B-00C04F79EFBC}") = "Struct-Enum-Homework4", "Struct-Enum-Homework4\Struct-Enum-Homework4.csproj", "{F5B865E7-E174-42F3-B170-6AB516EB9CAD}"
EndProject
Project("{FAE04EC0-301F-11D3-BF4B-00C04F79EFBC}") = "DomainLayer", "DomainLayer\DomainLayer.csproj", "{97D77476-E6E0-4F13-9771-A41D4F7B818A}"
EndProject
Project("{FAE04EC0-301F-11D3-BF4B-00C04F79EFBC}") = "ServiceLayer", "ServiceLayer\ServiceLayer.csproj", "{B9DF0C10-D0A9-4AE8-A891-7FE348D7F3F7}"
EndProject
Global
	GlobalSection(SolutionConfigurationPlatforms) = preSolution
		Debug|Any CPU = Debug|Any CPU
		Release|Any CPU = Release|Any CPU
	EndGlobalSection
	GlobalSection(ProjectConfigurationPlatforms) = postSolution
		{F5B865E7-E174-42F3-B170-6AB516EB9CAD}.Debug|Any CPU.ActiveCfg = Debug|Any CPU
		{F5B865E7-E174-42F3-B170-6AB516EB9CAD}.Debug|Any CPU.Build.0 = Debug|Any CPU
		{F5B865E7-E174-42F3-B170-6AB516EB9CAD}.Release|Any CPU.ActiveCfg = Release|Any CPU
		{F5B865E7-E174-42F3-B170-6AB516EB9CAD}.Release|Any CPU.Build.0 = Release|Any CPU
		{97D77476-E6E0-4F13-9771-A41D4F7B818A}.Debug|Any CPU.ActiveCfg = Debug|Any CPU
		{97D77476-E6E0-4F13-9771-A41D4F7B818A}.Debug|Any CPU.Build.0 = Debug|Any CPU
		{97D77476-E6E0-4F13-9771-A41D4F7B818A}.Release|Any CPU.ActiveCfg = Release|Any CPU
		{97D77476-E6E0-4F13-9771-A41D4F7B818A}.Release|Any CPU.Build.0 = Release|Any CPU
		{B9DF0C10-D0A9-4AE8-A891-7FE348D7F3F7}.Debug|Any CPU.ActiveCfg = Debug|Any CPU
		{B9DF0C10-D0A9-4AE8-A891-7FE348D7F3F7}.Debug|Any CPU.Build.0 = Debug|Any CPU
		{B9DF0C10-D0A9-4AE8-A891-7FE348D7F3F7}.Release|Any CPU.ActiveCfg = Release|Any CPU
		{B9DF0C10-D0A9-4AE8-A891-7FE348D7F3F7}.Release|Any CPU.Build.0 = Release|Any CPU
	EndGlobalSection
	GlobalSection(SolutionProperties) = preSolution
		HideSolutionNode = FALSE
	EndGlobalSection
	GlobalSection(ExtensibilityGlobals) = postSolution
		SolutionGuid = {8A4738D0-6C47-42D8-AD64-52BB5628F14D}
	EndGlobalSection
EndGlobal
